// !$*UTF8*$!
{
	archiveVersion = 1;
	classes = {
	};
	objectVersion = 56;
	objects = {

/* Begin PBXBuildFile section */
		8629DCF7291FC7DB00DE7536 /* HomePage.storyboard in Resources */ = {isa = PBXBuildFile; fileRef = 8629DCF6291FC7DB00DE7536 /* HomePage.storyboard */; };
		8629DD01292003A800DE7536 /* HomepageViewController.swift in Sources */ = {isa = PBXBuildFile; fileRef = 8629DD00292003A800DE7536 /* HomepageViewController.swift */; };
		8629DD032920064600DE7536 /* OrderViewController.swift in Sources */ = {isa = PBXBuildFile; fileRef = 8629DD022920064600DE7536 /* OrderViewController.swift */; };
		DD35B41F291F5ABB0003DB11 /* UMassAllergyApp.swift in Sources */ = {isa = PBXBuildFile; fileRef = DD35B41E291F5ABB0003DB11 /* UMassAllergyApp.swift */; };
		DD35B423291F5ABC0003DB11 /* Assets.xcassets in Resources */ = {isa = PBXBuildFile; fileRef = DD35B422291F5ABC0003DB11 /* Assets.xcassets */; };
		DD35B426291F5ABC0003DB11 /* Preview Assets.xcassets in Resources */ = {isa = PBXBuildFile; fileRef = DD35B425291F5ABC0003DB11 /* Preview Assets.xcassets */; };
		DD35B430291F5ABC0003DB11 /* UMassAllergyTests.swift in Sources */ = {isa = PBXBuildFile; fileRef = DD35B42F291F5ABC0003DB11 /* UMassAllergyTests.swift */; };
		DD35B43A291F5ABC0003DB11 /* UMassAllergyUITests.swift in Sources */ = {isa = PBXBuildFile; fileRef = DD35B439291F5ABC0003DB11 /* UMassAllergyUITests.swift */; };
		DD35B43C291F5ABC0003DB11 /* UMassAllergyUITestsLaunchTests.swift in Sources */ = {isa = PBXBuildFile; fileRef = DD35B43B291F5ABC0003DB11 /* UMassAllergyUITestsLaunchTests.swift */; };
		DD3E1EFF291F8B33005D9943 /* Supabase in Frameworks */ = {isa = PBXBuildFile; productRef = DD3E1EFE291F8B33005D9943 /* Supabase */; };
		DD3E1F02291F8BF6005D9943 /* GoTrue in Frameworks */ = {isa = PBXBuildFile; productRef = DD3E1F01291F8BF6005D9943 /* GoTrue */; };
		DD3E1F04291F8CD5005D9943 /* DbFunctions.swift in Sources */ = {isa = PBXBuildFile; fileRef = DD3E1F03291F8CD5005D9943 /* DbFunctions.swift */; };
		DD3E1F06291F8FF5005D9943 /* Models.swift in Sources */ = {isa = PBXBuildFile; fileRef = DD3E1F05291F8FF5005D9943 /* Models.swift */; };
		DD3E1F08291F9B27005D9943 /* Secrets.swift in Sources */ = {isa = PBXBuildFile; fileRef = DD3E1F07291F9B27005D9943 /* Secrets.swift */; };
		DD3E1F0A291F9B82005D9943 /* AppView.swift in Sources */ = {isa = PBXBuildFile; fileRef = DD3E1F09291F9B82005D9943 /* AppView.swift */; };
		DD3E1F0C291F9BB8005D9943 /* SessionView.swift in Sources */ = {isa = PBXBuildFile; fileRef = DD3E1F0B291F9BB8005D9943 /* SessionView.swift */; };
		DD3E1F0E291F9C1D005D9943 /* AuthView.swift in Sources */ = {isa = PBXBuildFile; fileRef = DD3E1F0D291F9C1D005D9943 /* AuthView.swift */; };
/* End PBXBuildFile section */

/* Begin PBXContainerItemProxy section */
		DD35B42C291F5ABC0003DB11 /* PBXContainerItemProxy */ = {
			isa = PBXContainerItemProxy;
			containerPortal = DD35B413291F5ABB0003DB11 /* Project object */;
			proxyType = 1;
			remoteGlobalIDString = DD35B41A291F5ABB0003DB11;
			remoteInfo = UMassAllergy;
		};
		DD35B436291F5ABC0003DB11 /* PBXContainerItemProxy */ = {
			isa = PBXContainerItemProxy;
			containerPortal = DD35B413291F5ABB0003DB11 /* Project object */;
			proxyType = 1;
			remoteGlobalIDString = DD35B41A291F5ABB0003DB11;
			remoteInfo = UMassAllergy;
		};
/* End PBXContainerItemProxy section */

/* Begin PBXFileReference section */
		8629DCF6291FC7DB00DE7536 /* HomePage.storyboard */ = {isa = PBXFileReference; lastKnownFileType = file.storyboard; path = HomePage.storyboard; sourceTree = "<group>"; };
		8629DD00292003A800DE7536 /* HomepageViewController.swift */ = {isa = PBXFileReference; lastKnownFileType = sourcecode.swift; path = HomepageViewController.swift; sourceTree = "<group>"; };
		8629DD022920064600DE7536 /* OrderViewController.swift */ = {isa = PBXFileReference; lastKnownFileType = sourcecode.swift; path = OrderViewController.swift; sourceTree = "<group>"; };
		DD35B41B291F5ABB0003DB11 /* UMassAllergy.app */ = {isa = PBXFileReference; explicitFileType = wrapper.application; includeInIndex = 0; path = UMassAllergy.app; sourceTree = BUILT_PRODUCTS_DIR; };
		DD35B41E291F5ABB0003DB11 /* UMassAllergyApp.swift */ = {isa = PBXFileReference; lastKnownFileType = sourcecode.swift; path = UMassAllergyApp.swift; sourceTree = "<group>"; };
		DD35B422291F5ABC0003DB11 /* Assets.xcassets */ = {isa = PBXFileReference; lastKnownFileType = folder.assetcatalog; path = Assets.xcassets; sourceTree = "<group>"; };
		DD35B425291F5ABC0003DB11 /* Preview Assets.xcassets */ = {isa = PBXFileReference; lastKnownFileType = folder.assetcatalog; path = "Preview Assets.xcassets"; sourceTree = "<group>"; };
		DD35B42B291F5ABC0003DB11 /* UMassAllergyTests.xctest */ = {isa = PBXFileReference; explicitFileType = wrapper.cfbundle; includeInIndex = 0; path = UMassAllergyTests.xctest; sourceTree = BUILT_PRODUCTS_DIR; };
		DD35B42F291F5ABC0003DB11 /* UMassAllergyTests.swift */ = {isa = PBXFileReference; lastKnownFileType = sourcecode.swift; path = UMassAllergyTests.swift; sourceTree = "<group>"; };
		DD35B435291F5ABC0003DB11 /* UMassAllergyUITests.xctest */ = {isa = PBXFileReference; explicitFileType = wrapper.cfbundle; includeInIndex = 0; path = UMassAllergyUITests.xctest; sourceTree = BUILT_PRODUCTS_DIR; };
		DD35B439291F5ABC0003DB11 /* UMassAllergyUITests.swift */ = {isa = PBXFileReference; lastKnownFileType = sourcecode.swift; path = UMassAllergyUITests.swift; sourceTree = "<group>"; };
		DD35B43B291F5ABC0003DB11 /* UMassAllergyUITestsLaunchTests.swift */ = {isa = PBXFileReference; lastKnownFileType = sourcecode.swift; path = UMassAllergyUITestsLaunchTests.swift; sourceTree = "<group>"; };
		DD3E1F03291F8CD5005D9943 /* DbFunctions.swift */ = {isa = PBXFileReference; lastKnownFileType = sourcecode.swift; path = DbFunctions.swift; sourceTree = "<group>"; };
		DD3E1F05291F8FF5005D9943 /* Models.swift */ = {isa = PBXFileReference; lastKnownFileType = sourcecode.swift; path = Models.swift; sourceTree = "<group>"; };
		DD3E1F07291F9B27005D9943 /* Secrets.swift */ = {isa = PBXFileReference; lastKnownFileType = sourcecode.swift; path = Secrets.swift; sourceTree = "<group>"; };
		DD3E1F09291F9B82005D9943 /* AppView.swift */ = {isa = PBXFileReference; lastKnownFileType = sourcecode.swift; path = AppView.swift; sourceTree = "<group>"; };
		DD3E1F0B291F9BB8005D9943 /* SessionView.swift */ = {isa = PBXFileReference; lastKnownFileType = sourcecode.swift; path = SessionView.swift; sourceTree = "<group>"; };
		DD3E1F0D291F9C1D005D9943 /* AuthView.swift */ = {isa = PBXFileReference; lastKnownFileType = sourcecode.swift; path = AuthView.swift; sourceTree = "<group>"; };
/* End PBXFileReference section */

/* Begin PBXFrameworksBuildPhase section */
		DD35B418291F5ABB0003DB11 /* Frameworks */ = {
			isa = PBXFrameworksBuildPhase;
			buildActionMask = 2147483647;
			files = (
				DD3E1F02291F8BF6005D9943 /* GoTrue in Frameworks */,
				DD3E1EFF291F8B33005D9943 /* Supabase in Frameworks */,
			);
			runOnlyForDeploymentPostprocessing = 0;
		};
		DD35B428291F5ABC0003DB11 /* Frameworks */ = {
			isa = PBXFrameworksBuildPhase;
			buildActionMask = 2147483647;
			files = (
			);
			runOnlyForDeploymentPostprocessing = 0;
		};
		DD35B432291F5ABC0003DB11 /* Frameworks */ = {
			isa = PBXFrameworksBuildPhase;
			buildActionMask = 2147483647;
			files = (
			);
			runOnlyForDeploymentPostprocessing = 0;
		};
/* End PBXFrameworksBuildPhase section */

/* Begin PBXGroup section */
		8629DCF3291FBA0E00DE7536 /* Storyboards */ = {
			isa = PBXGroup;
			children = (
				8629DCF6291FC7DB00DE7536 /* HomePage.storyboard */,
				8629DD022920064600DE7536 /* OrderViewController.swift */,
				8629DD00292003A800DE7536 /* HomepageViewController.swift */,
			);
			path = Storyboards;
			sourceTree = "<group>";
		};
		DD35B412291F5ABB0003DB11 = {
			isa = PBXGroup;
			children = (
				8629DCF3291FBA0E00DE7536 /* Storyboards */,
				DD35B41D291F5ABB0003DB11 /* UMassAllergy */,
				DD35B42E291F5ABC0003DB11 /* UMassAllergyTests */,
				DD35B438291F5ABC0003DB11 /* UMassAllergyUITests */,
				DD35B41C291F5ABB0003DB11 /* Products */,
			);
			sourceTree = "<group>";
		};
		DD35B41C291F5ABB0003DB11 /* Products */ = {
			isa = PBXGroup;
			children = (
				DD35B41B291F5ABB0003DB11 /* UMassAllergy.app */,
				DD35B42B291F5ABC0003DB11 /* UMassAllergyTests.xctest */,
				DD35B435291F5ABC0003DB11 /* UMassAllergyUITests.xctest */,
			);
			name = Products;
			sourceTree = "<group>";
		};
		DD35B41D291F5ABB0003DB11 /* UMassAllergy */ = {
			isa = PBXGroup;
			children = (
				DD35B41E291F5ABB0003DB11 /* UMassAllergyApp.swift */,
				DD35B422291F5ABC0003DB11 /* Assets.xcassets */,
				DD35B424291F5ABC0003DB11 /* Preview Content */,
				DD3E1F03291F8CD5005D9943 /* DbFunctions.swift */,
				DD3E1F05291F8FF5005D9943 /* Models.swift */,
				DD3E1F07291F9B27005D9943 /* Secrets.swift */,
				DD3E1F09291F9B82005D9943 /* AppView.swift */,
				DD3E1F0B291F9BB8005D9943 /* SessionView.swift */,
				DD3E1F0D291F9C1D005D9943 /* AuthView.swift */,
			);
			path = UMassAllergy;
			sourceTree = "<group>";
		};
		DD35B424291F5ABC0003DB11 /* Preview Content */ = {
			isa = PBXGroup;
			children = (
				DD35B425291F5ABC0003DB11 /* Preview Assets.xcassets */,
			);
			path = "Preview Content";
			sourceTree = "<group>";
		};
		DD35B42E291F5ABC0003DB11 /* UMassAllergyTests */ = {
			isa = PBXGroup;
			children = (
				DD35B42F291F5ABC0003DB11 /* UMassAllergyTests.swift */,
			);
			path = UMassAllergyTests;
			sourceTree = "<group>";
		};
		DD35B438291F5ABC0003DB11 /* UMassAllergyUITests */ = {
			isa = PBXGroup;
			children = (
				DD35B439291F5ABC0003DB11 /* UMassAllergyUITests.swift */,
				DD35B43B291F5ABC0003DB11 /* UMassAllergyUITestsLaunchTests.swift */,
			);
			path = UMassAllergyUITests;
			sourceTree = "<group>";
		};
/* End PBXGroup section */

/* Begin PBXNativeTarget section */
		DD35B41A291F5ABB0003DB11 /* UMassAllergy */ = {
			isa = PBXNativeTarget;
			buildConfigurationList = DD35B43F291F5ABC0003DB11 /* Build configuration list for PBXNativeTarget "UMassAllergy" */;
			buildPhases = (
				DD35B417291F5ABB0003DB11 /* Sources */,
				DD35B418291F5ABB0003DB11 /* Frameworks */,
				DD35B419291F5ABB0003DB11 /* Resources */,
			);
			buildRules = (
			);
			dependencies = (
			);
			name = UMassAllergy;
			packageProductDependencies = (
				DD3E1EFE291F8B33005D9943 /* Supabase */,
				DD3E1F01291F8BF6005D9943 /* GoTrue */,
			);
			productName = UMassAllergy;
			productReference = DD35B41B291F5ABB0003DB11 /* UMassAllergy.app */;
			productType = "com.apple.product-type.application";
		};
		DD35B42A291F5ABC0003DB11 /* UMassAllergyTests */ = {
			isa = PBXNativeTarget;
			buildConfigurationList = DD35B442291F5ABC0003DB11 /* Build configuration list for PBXNativeTarget "UMassAllergyTests" */;
			buildPhases = (
				DD35B427291F5ABC0003DB11 /* Sources */,
				DD35B428291F5ABC0003DB11 /* Frameworks */,
				DD35B429291F5ABC0003DB11 /* Resources */,
			);
			buildRules = (
			);
			dependencies = (
				DD35B42D291F5ABC0003DB11 /* PBXTargetDependency */,
			);
			name = UMassAllergyTests;
			productName = UMassAllergyTests;
			productReference = DD35B42B291F5ABC0003DB11 /* UMassAllergyTests.xctest */;
			productType = "com.apple.product-type.bundle.unit-test";
		};
		DD35B434291F5ABC0003DB11 /* UMassAllergyUITests */ = {
			isa = PBXNativeTarget;
			buildConfigurationList = DD35B445291F5ABC0003DB11 /* Build configuration list for PBXNativeTarget "UMassAllergyUITests" */;
			buildPhases = (
				DD35B431291F5ABC0003DB11 /* Sources */,
				DD35B432291F5ABC0003DB11 /* Frameworks */,
				DD35B433291F5ABC0003DB11 /* Resources */,
			);
			buildRules = (
			);
			dependencies = (
				DD35B437291F5ABC0003DB11 /* PBXTargetDependency */,
			);
			name = UMassAllergyUITests;
			productName = UMassAllergyUITests;
			productReference = DD35B435291F5ABC0003DB11 /* UMassAllergyUITests.xctest */;
			productType = "com.apple.product-type.bundle.ui-testing";
		};
/* End PBXNativeTarget section */

/* Begin PBXProject section */
		DD35B413291F5ABB0003DB11 /* Project object */ = {
			isa = PBXProject;
			attributes = {
				BuildIndependentTargetsInParallel = 1;
				LastSwiftUpdateCheck = 1410;
				LastUpgradeCheck = 1410;
				TargetAttributes = {
					DD35B41A291F5ABB0003DB11 = {
						CreatedOnToolsVersion = 14.1;
					};
					DD35B42A291F5ABC0003DB11 = {
						CreatedOnToolsVersion = 14.1;
						TestTargetID = DD35B41A291F5ABB0003DB11;
					};
					DD35B434291F5ABC0003DB11 = {
						CreatedOnToolsVersion = 14.1;
						TestTargetID = DD35B41A291F5ABB0003DB11;
					};
				};
			};
			buildConfigurationList = DD35B416291F5ABB0003DB11 /* Build configuration list for PBXProject "UMassAllergy" */;
			compatibilityVersion = "Xcode 14.0";
			developmentRegion = en;
			hasScannedForEncodings = 0;
			knownRegions = (
				en,
				Base,
			);
			mainGroup = DD35B412291F5ABB0003DB11;
			packageReferences = (
				DD3E1EFD291F8B33005D9943 /* XCRemoteSwiftPackageReference "supabase-swift" */,
				DD3E1F00291F8BF6005D9943 /* XCRemoteSwiftPackageReference "gotrue-swift" */,
			);
			productRefGroup = DD35B41C291F5ABB0003DB11 /* Products */;
			projectDirPath = "";
			projectRoot = "";
			targets = (
				DD35B41A291F5ABB0003DB11 /* UMassAllergy */,
				DD35B42A291F5ABC0003DB11 /* UMassAllergyTests */,
				DD35B434291F5ABC0003DB11 /* UMassAllergyUITests */,
			);
		};
/* End PBXProject section */

/* Begin PBXResourcesBuildPhase section */
		DD35B419291F5ABB0003DB11 /* Resources */ = {
			isa = PBXResourcesBuildPhase;
			buildActionMask = 2147483647;
			files = (
				DD35B426291F5ABC0003DB11 /* Preview Assets.xcassets in Resources */,
				DD35B423291F5ABC0003DB11 /* Assets.xcassets in Resources */,
				8629DCF7291FC7DB00DE7536 /* HomePage.storyboard in Resources */,
			);
			runOnlyForDeploymentPostprocessing = 0;
		};
		DD35B429291F5ABC0003DB11 /* Resources */ = {
			isa = PBXResourcesBuildPhase;
			buildActionMask = 2147483647;
			files = (
			);
			runOnlyForDeploymentPostprocessing = 0;
		};
		DD35B433291F5ABC0003DB11 /* Resources */ = {
			isa = PBXResourcesBuildPhase;
			buildActionMask = 2147483647;
			files = (
			);
			runOnlyForDeploymentPostprocessing = 0;
		};
/* End PBXResourcesBuildPhase section */

/* Begin PBXSourcesBuildPhase section */
		DD35B417291F5ABB0003DB11 /* Sources */ = {
			isa = PBXSourcesBuildPhase;
			buildActionMask = 2147483647;
			files = (
				DD3E1F0C291F9BB8005D9943 /* SessionView.swift in Sources */,
				DD3E1F08291F9B27005D9943 /* Secrets.swift in Sources */,
				DD3E1F0A291F9B82005D9943 /* AppView.swift in Sources */,
				DD35B41F291F5ABB0003DB11 /* UMassAllergyApp.swift in Sources */,
				DD3E1F04291F8CD5005D9943 /* DbFunctions.swift in Sources */,
				DD3E1F0E291F9C1D005D9943 /* AuthView.swift in Sources */,
				DD3E1F06291F8FF5005D9943 /* Models.swift in Sources */,
				8629DD01292003A800DE7536 /* HomepageViewController.swift in Sources */,
				8629DD032920064600DE7536 /* OrderViewController.swift in Sources */,
			);
			runOnlyForDeploymentPostprocessing = 0;
		};
		DD35B427291F5ABC0003DB11 /* Sources */ = {
			isa = PBXSourcesBuildPhase;
			buildActionMask = 2147483647;
			files = (
				DD35B430291F5ABC0003DB11 /* UMassAllergyTests.swift in Sources */,
			);
			runOnlyForDeploymentPostprocessing = 0;
		};
		DD35B431291F5ABC0003DB11 /* Sources */ = {
			isa = PBXSourcesBuildPhase;
			buildActionMask = 2147483647;
			files = (
				DD35B43A291F5ABC0003DB11 /* UMassAllergyUITests.swift in Sources */,
				DD35B43C291F5ABC0003DB11 /* UMassAllergyUITestsLaunchTests.swift in Sources */,
			);
			runOnlyForDeploymentPostprocessing = 0;
		};
/* End PBXSourcesBuildPhase section */

/* Begin PBXTargetDependency section */
		DD35B42D291F5ABC0003DB11 /* PBXTargetDependency */ = {
			isa = PBXTargetDependency;
			target = DD35B41A291F5ABB0003DB11 /* UMassAllergy */;
			targetProxy = DD35B42C291F5ABC0003DB11 /* PBXContainerItemProxy */;
		};
		DD35B437291F5ABC0003DB11 /* PBXTargetDependency */ = {
			isa = PBXTargetDependency;
			target = DD35B41A291F5ABB0003DB11 /* UMassAllergy */;
			targetProxy = DD35B436291F5ABC0003DB11 /* PBXContainerItemProxy */;
		};
/* End PBXTargetDependency section */

/* Begin XCBuildConfiguration section */
		DD35B43D291F5ABC0003DB11 /* Debug */ = {
			isa = XCBuildConfiguration;
			buildSettings = {
				ALWAYS_SEARCH_USER_PATHS = NO;
				CLANG_ANALYZER_NONNULL = YES;
				CLANG_ANALYZER_NUMBER_OBJECT_CONVERSION = YES_AGGRESSIVE;
				CLANG_CXX_LANGUAGE_STANDARD = "gnu++20";
				CLANG_ENABLE_MODULES = YES;
				CLANG_ENABLE_OBJC_ARC = YES;
				CLANG_ENABLE_OBJC_WEAK = YES;
				CLANG_WARN_BLOCK_CAPTURE_AUTORELEASING = YES;
				CLANG_WARN_BOOL_CONVERSION = YES;
				CLANG_WARN_COMMA = YES;
				CLANG_WARN_CONSTANT_CONVERSION = YES;
				CLANG_WARN_DEPRECATED_OBJC_IMPLEMENTATIONS = YES;
				CLANG_WARN_DIRECT_OBJC_ISA_USAGE = YES_ERROR;
				CLANG_WARN_DOCUMENTATION_COMMENTS = YES;
				CLANG_WARN_EMPTY_BODY = YES;
				CLANG_WARN_ENUM_CONVERSION = YES;
				CLANG_WARN_INFINITE_RECURSION = YES;
				CLANG_WARN_INT_CONVERSION = YES;
				CLANG_WARN_NON_LITERAL_NULL_CONVERSION = YES;
				CLANG_WARN_OBJC_IMPLICIT_RETAIN_SELF = YES;
				CLANG_WARN_OBJC_LITERAL_CONVERSION = YES;
				CLANG_WARN_OBJC_ROOT_CLASS = YES_ERROR;
				CLANG_WARN_QUOTED_INCLUDE_IN_FRAMEWORK_HEADER = YES;
				CLANG_WARN_RANGE_LOOP_ANALYSIS = YES;
				CLANG_WARN_STRICT_PROTOTYPES = YES;
				CLANG_WARN_SUSPICIOUS_MOVE = YES;
				CLANG_WARN_UNGUARDED_AVAILABILITY = YES_AGGRESSIVE;
				CLANG_WARN_UNREACHABLE_CODE = YES;
				CLANG_WARN__DUPLICATE_METHOD_MATCH = YES;
				COPY_PHASE_STRIP = NO;
				DEBUG_INFORMATION_FORMAT = dwarf;
				ENABLE_STRICT_OBJC_MSGSEND = YES;
				ENABLE_TESTABILITY = YES;
				GCC_C_LANGUAGE_STANDARD = gnu11;
				GCC_DYNAMIC_NO_PIC = NO;
				GCC_NO_COMMON_BLOCKS = YES;
				GCC_OPTIMIZATION_LEVEL = 0;
				GCC_PREPROCESSOR_DEFINITIONS = (
					"DEBUG=1",
					"$(inherited)",
				);
				GCC_WARN_64_TO_32_BIT_CONVERSION = YES;
				GCC_WARN_ABOUT_RETURN_TYPE = YES_ERROR;
				GCC_WARN_UNDECLARED_SELECTOR = YES;
				GCC_WARN_UNINITIALIZED_AUTOS = YES_AGGRESSIVE;
				GCC_WARN_UNUSED_FUNCTION = YES;
				GCC_WARN_UNUSED_VARIABLE = YES;
				IPHONEOS_DEPLOYMENT_TARGET = 16.1;
				MTL_ENABLE_DEBUG_INFO = INCLUDE_SOURCE;
				MTL_FAST_MATH = YES;
				ONLY_ACTIVE_ARCH = YES;
				SDKROOT = iphoneos;
				SWIFT_ACTIVE_COMPILATION_CONDITIONS = DEBUG;
				SWIFT_OPTIMIZATION_LEVEL = "-Onone";
			};
			name = Debug;
		};
		DD35B43E291F5ABC0003DB11 /* Release */ = {
			isa = XCBuildConfiguration;
			buildSettings = {
				ALWAYS_SEARCH_USER_PATHS = NO;
				CLANG_ANALYZER_NONNULL = YES;
				CLANG_ANALYZER_NUMBER_OBJECT_CONVERSION = YES_AGGRESSIVE;
				CLANG_CXX_LANGUAGE_STANDARD = "gnu++20";
				CLANG_ENABLE_MODULES = YES;
				CLANG_ENABLE_OBJC_ARC = YES;
				CLANG_ENABLE_OBJC_WEAK = YES;
				CLANG_WARN_BLOCK_CAPTURE_AUTORELEASING = YES;
				CLANG_WARN_BOOL_CONVERSION = YES;
				CLANG_WARN_COMMA = YES;
				CLANG_WARN_CONSTANT_CONVERSION = YES;
				CLANG_WARN_DEPRECATED_OBJC_IMPLEMENTATIONS = YES;
				CLANG_WARN_DIRECT_OBJC_ISA_USAGE = YES_ERROR;
				CLANG_WARN_DOCUMENTATION_COMMENTS = YES;
				CLANG_WARN_EMPTY_BODY = YES;
				CLANG_WARN_ENUM_CONVERSION = YES;
				CLANG_WARN_INFINITE_RECURSION = YES;
				CLANG_WARN_INT_CONVERSION = YES;
				CLANG_WARN_NON_LITERAL_NULL_CONVERSION = YES;
				CLANG_WARN_OBJC_IMPLICIT_RETAIN_SELF = YES;
				CLANG_WARN_OBJC_LITERAL_CONVERSION = YES;
				CLANG_WARN_OBJC_ROOT_CLASS = YES_ERROR;
				CLANG_WARN_QUOTED_INCLUDE_IN_FRAMEWORK_HEADER = YES;
				CLANG_WARN_RANGE_LOOP_ANALYSIS = YES;
				CLANG_WARN_STRICT_PROTOTYPES = YES;
				CLANG_WARN_SUSPICIOUS_MOVE = YES;
				CLANG_WARN_UNGUARDED_AVAILABILITY = YES_AGGRESSIVE;
				CLANG_WARN_UNREACHABLE_CODE = YES;
				CLANG_WARN__DUPLICATE_METHOD_MATCH = YES;
				COPY_PHASE_STRIP = NO;
				DEBUG_INFORMATION_FORMAT = "dwarf-with-dsym";
				ENABLE_NS_ASSERTIONS = NO;
				ENABLE_STRICT_OBJC_MSGSEND = YES;
				GCC_C_LANGUAGE_STANDARD = gnu11;
				GCC_NO_COMMON_BLOCKS = YES;
				GCC_WARN_64_TO_32_BIT_CONVERSION = YES;
				GCC_WARN_ABOUT_RETURN_TYPE = YES_ERROR;
				GCC_WARN_UNDECLARED_SELECTOR = YES;
				GCC_WARN_UNINITIALIZED_AUTOS = YES_AGGRESSIVE;
				GCC_WARN_UNUSED_FUNCTION = YES;
				GCC_WARN_UNUSED_VARIABLE = YES;
				IPHONEOS_DEPLOYMENT_TARGET = 16.1;
				MTL_ENABLE_DEBUG_INFO = NO;
				MTL_FAST_MATH = YES;
				SDKROOT = iphoneos;
				SWIFT_COMPILATION_MODE = wholemodule;
				SWIFT_OPTIMIZATION_LEVEL = "-O";
				VALIDATE_PRODUCT = YES;
			};
			name = Release;
		};
		DD35B440291F5ABC0003DB11 /* Debug */ = {
			isa = XCBuildConfiguration;
			buildSettings = {
				ASSETCATALOG_COMPILER_APPICON_NAME = AppIcon;
				ASSETCATALOG_COMPILER_GLOBAL_ACCENT_COLOR_NAME = AccentColor;
				CODE_SIGN_STYLE = Automatic;
				CURRENT_PROJECT_VERSION = 1;
				DEVELOPMENT_ASSET_PATHS = "\"UMassAllergy/Preview Content\"";
				DEVELOPMENT_TEAM = "";
				ENABLE_PREVIEWS = YES;
				GENERATE_INFOPLIST_FILE = YES;
				INFOPLIST_KEY_LSApplicationCategoryType = "public.app-category.food-and-drink";
				INFOPLIST_KEY_UIApplicationSceneManifest_Generation = YES;
				INFOPLIST_KEY_UIApplicationSupportsIndirectInputEvents = YES;
				INFOPLIST_KEY_UILaunchScreen_Generation = YES;
				INFOPLIST_KEY_UISupportedInterfaceOrientations_iPad = "UIInterfaceOrientationPortrait UIInterfaceOrientationPortraitUpsideDown UIInterfaceOrientationLandscapeLeft UIInterfaceOrientationLandscapeRight";
				INFOPLIST_KEY_UISupportedInterfaceOrientations_iPhone = "UIInterfaceOrientationPortrait UIInterfaceOrientationLandscapeLeft UIInterfaceOrientationLandscapeRight";
				IPHONEOS_DEPLOYMENT_TARGET = 16.0;
				LD_RUNPATH_SEARCH_PATHS = (
					"$(inherited)",
					"@executable_path/Frameworks",
				);
				MARKETING_VERSION = 1.0;
				PRODUCT_BUNDLE_IDENTIFIER = com.hackumass.UMassAllergy;
				PRODUCT_NAME = "$(TARGET_NAME)";
				SWIFT_EMIT_LOC_STRINGS = YES;
				SWIFT_VERSION = 5.0;
				TARGETED_DEVICE_FAMILY = "1,2";
			};
			name = Debug;
		};
		DD35B441291F5ABC0003DB11 /* Release */ = {
			isa = XCBuildConfiguration;
			buildSettings = {
				ASSETCATALOG_COMPILER_APPICON_NAME = AppIcon;
				ASSETCATALOG_COMPILER_GLOBAL_ACCENT_COLOR_NAME = AccentColor;
				CODE_SIGN_STYLE = Automatic;
				CURRENT_PROJECT_VERSION = 1;
				DEVELOPMENT_ASSET_PATHS = "\"UMassAllergy/Preview Content\"";
				DEVELOPMENT_TEAM = "";
				ENABLE_PREVIEWS = YES;
				GENERATE_INFOPLIST_FILE = YES;
				INFOPLIST_KEY_LSApplicationCategoryType = "public.app-category.food-and-drink";
				INFOPLIST_KEY_UIApplicationSceneManifest_Generation = YES;
				INFOPLIST_KEY_UIApplicationSupportsIndirectInputEvents = YES;
				INFOPLIST_KEY_UILaunchScreen_Generation = YES;
				INFOPLIST_KEY_UISupportedInterfaceOrientations_iPad = "UIInterfaceOrientationPortrait UIInterfaceOrientationPortraitUpsideDown UIInterfaceOrientationLandscapeLeft UIInterfaceOrientationLandscapeRight";
				INFOPLIST_KEY_UISupportedInterfaceOrientations_iPhone = "UIInterfaceOrientationPortrait UIInterfaceOrientationLandscapeLeft UIInterfaceOrientationLandscapeRight";
				IPHONEOS_DEPLOYMENT_TARGET = 16.0;
				LD_RUNPATH_SEARCH_PATHS = (
					"$(inherited)",
					"@executable_path/Frameworks",
				);
				MARKETING_VERSION = 1.0;
				PRODUCT_BUNDLE_IDENTIFIER = com.hackumass.UMassAllergy;
				PRODUCT_NAME = "$(TARGET_NAME)";
				SWIFT_EMIT_LOC_STRINGS = YES;
				SWIFT_VERSION = 5.0;
				TARGETED_DEVICE_FAMILY = "1,2";
			};
			name = Release;
		};
		DD35B443291F5ABC0003DB11 /* Debug */ = {
			isa = XCBuildConfiguration;
			buildSettings = {
				ALWAYS_EMBED_SWIFT_STANDARD_LIBRARIES = YES;
				BUNDLE_LOADER = "$(TEST_HOST)";
				CODE_SIGN_STYLE = Automatic;
				CURRENT_PROJECT_VERSION = 1;
				GENERATE_INFOPLIST_FILE = YES;
				IPHONEOS_DEPLOYMENT_TARGET = 16.1;
				MARKETING_VERSION = 1.0;
				PRODUCT_BUNDLE_IDENTIFIER = com.hackumass.UMassAllergyTests;
				PRODUCT_NAME = "$(TARGET_NAME)";
				SWIFT_EMIT_LOC_STRINGS = NO;
				SWIFT_VERSION = 5.0;
				TARGETED_DEVICE_FAMILY = "1,2";
				TEST_HOST = "$(BUILT_PRODUCTS_DIR)/UMassAllergy.app/$(BUNDLE_EXECUTABLE_FOLDER_PATH)/UMassAllergy";
			};
			name = Debug;
		};
		DD35B444291F5ABC0003DB11 /* Release */ = {
			isa = XCBuildConfiguration;
			buildSettings = {
				ALWAYS_EMBED_SWIFT_STANDARD_LIBRARIES = YES;
				BUNDLE_LOADER = "$(TEST_HOST)";
				CODE_SIGN_STYLE = Automatic;
				CURRENT_PROJECT_VERSION = 1;
				GENERATE_INFOPLIST_FILE = YES;
				IPHONEOS_DEPLOYMENT_TARGET = 16.1;
				MARKETING_VERSION = 1.0;
				PRODUCT_BUNDLE_IDENTIFIER = com.hackumass.UMassAllergyTests;
				PRODUCT_NAME = "$(TARGET_NAME)";
				SWIFT_EMIT_LOC_STRINGS = NO;
				SWIFT_VERSION = 5.0;
				TARGETED_DEVICE_FAMILY = "1,2";
				TEST_HOST = "$(BUILT_PRODUCTS_DIR)/UMassAllergy.app/$(BUNDLE_EXECUTABLE_FOLDER_PATH)/UMassAllergy";
			};
			name = Release;
		};
		DD35B446291F5ABC0003DB11 /* Debug */ = {
			isa = XCBuildConfiguration;
			buildSettings = {
				ALWAYS_EMBED_SWIFT_STANDARD_LIBRARIES = YES;
				CODE_SIGN_STYLE = Automatic;
				CURRENT_PROJECT_VERSION = 1;
				GENERATE_INFOPLIST_FILE = YES;
				MARKETING_VERSION = 1.0;
				PRODUCT_BUNDLE_IDENTIFIER = com.hackumass.UMassAllergyUITests;
				PRODUCT_NAME = "$(TARGET_NAME)";
				SWIFT_EMIT_LOC_STRINGS = NO;
				SWIFT_VERSION = 5.0;
				TARGETED_DEVICE_FAMILY = "1,2";
				TEST_TARGET_NAME = UMassAllergy;
			};
			name = Debug;
		};
		DD35B447291F5ABC0003DB11 /* Release */ = {
			isa = XCBuildConfiguration;
			buildSettings = {
				ALWAYS_EMBED_SWIFT_STANDARD_LIBRARIES = YES;
				CODE_SIGN_STYLE = Automatic;
				CURRENT_PROJECT_VERSION = 1;
				GENERATE_INFOPLIST_FILE = YES;
				MARKETING_VERSION = 1.0;
				PRODUCT_BUNDLE_IDENTIFIER = com.hackumass.UMassAllergyUITests;
				PRODUCT_NAME = "$(TARGET_NAME)";
				SWIFT_EMIT_LOC_STRINGS = NO;
				SWIFT_VERSION = 5.0;
				TARGETED_DEVICE_FAMILY = "1,2";
				TEST_TARGET_NAME = UMassAllergy;
			};
			name = Release;
		};
/* End XCBuildConfiguration section */

/* Begin XCConfigurationList section */
		DD35B416291F5ABB0003DB11 /* Build configuration list for PBXProject "UMassAllergy" */ = {
			isa = XCConfigurationList;
			buildConfigurations = (
				DD35B43D291F5ABC0003DB11 /* Debug */,
				DD35B43E291F5ABC0003DB11 /* Release */,
			);
			defaultConfigurationIsVisible = 0;
			defaultConfigurationName = Release;
		};
		DD35B43F291F5ABC0003DB11 /* Build configuration list for PBXNativeTarget "UMassAllergy" */ = {
			isa = XCConfigurationList;
			buildConfigurations = (
				DD35B440291F5ABC0003DB11 /* Debug */,
				DD35B441291F5ABC0003DB11 /* Release */,
			);
			defaultConfigurationIsVisible = 0;
			defaultConfigurationName = Release;
		};
		DD35B442291F5ABC0003DB11 /* Build configuration list for PBXNativeTarget "UMassAllergyTests" */ = {
			isa = XCConfigurationList;
			buildConfigurations = (
				DD35B443291F5ABC0003DB11 /* Debug */,
				DD35B444291F5ABC0003DB11 /* Release */,
			);
			defaultConfigurationIsVisible = 0;
			defaultConfigurationName = Release;
		};
		DD35B445291F5ABC0003DB11 /* Build configuration list for PBXNativeTarget "UMassAllergyUITests" */ = {
			isa = XCConfigurationList;
			buildConfigurations = (
				DD35B446291F5ABC0003DB11 /* Debug */,
				DD35B447291F5ABC0003DB11 /* Release */,
			);
			defaultConfigurationIsVisible = 0;
			defaultConfigurationName = Release;
		};
/* End XCConfigurationList section */

/* Begin XCRemoteSwiftPackageReference section */
		DD3E1EFD291F8B33005D9943 /* XCRemoteSwiftPackageReference "supabase-swift" */ = {
			isa = XCRemoteSwiftPackageReference;
			repositoryURL = "https://github.com/supabase/supabase-swift.git";
			requirement = {
				kind = upToNextMajorVersion;
				minimumVersion = 0.0.9;
			};
		};
		DD3E1F00291F8BF6005D9943 /* XCRemoteSwiftPackageReference "gotrue-swift" */ = {
			isa = XCRemoteSwiftPackageReference;
			repositoryURL = "https://github.com/supabase-community/gotrue-swift";
			requirement = {
				kind = upToNextMajorVersion;
				minimumVersion = 0.0.9;
			};
		};
/* End XCRemoteSwiftPackageReference section */

/* Begin XCSwiftPackageProductDependency section */
		DD3E1EFE291F8B33005D9943 /* Supabase */ = {
			isa = XCSwiftPackageProductDependency;
			package = DD3E1EFD291F8B33005D9943 /* XCRemoteSwiftPackageReference "supabase-swift" */;
			productName = Supabase;
		};
		DD3E1F01291F8BF6005D9943 /* GoTrue */ = {
			isa = XCSwiftPackageProductDependency;
			package = DD3E1F00291F8BF6005D9943 /* XCRemoteSwiftPackageReference "gotrue-swift" */;
			productName = GoTrue;
		};
/* End XCSwiftPackageProductDependency section */
	};
	rootObject = DD35B413291F5ABB0003DB11 /* Project object */;
}
